
Microsoft Visual Studio Solution File, Format Version 12.00
# Visual Studio Version 16
VisualStudioVersion = 16.0.31205.134
MinimumVisualStudioVersion = 10.0.40219.1
Project("{9A19103F-16F7-4668-BE54-9A1E7A4F7556}") = "Delpin.API", "Delpin.API\Delpin.API.csproj", "{A9D4D087-6021-4166-89CA-14E79CA00068}"
EndProject
Project("{2150E333-8FDC-42A3-9474-1A3956D46DE8}") = "API", "API", "{EFC8FA7B-DD19-4A5E-927A-BDF9302BFCD3}"
EndProject
Project("{2150E333-8FDC-42A3-9474-1A3956D46DE8}") = "MVC", "MVC", "{6F7CA0E1-D719-4842-9FC0-FFC03A697E91}"
EndProject
Project("{9A19103F-16F7-4668-BE54-9A1E7A4F7556}") = "Delpin.Domain", "Delpin.Domain\Delpin.Domain.csproj", "{09AAA815-86BB-4919-832F-ABFB3A7C9F7D}"
EndProject
Project("{9A19103F-16F7-4668-BE54-9A1E7A4F7556}") = "Delpin.Application", "Delpin.Application\Delpin.Application.csproj", "{19C631DE-AE1B-4488-B399-D44479E7FFC0}"
EndProject
Project("{9A19103F-16F7-4668-BE54-9A1E7A4F7556}") = "Delpin.Infrastructure", "Delpin.Infrastructure\Delpin.Infrastructure.csproj", "{9AF55808-2B66-468E-A9AF-BA03D3052861}"
EndProject
Project("{2150E333-8FDC-42A3-9474-1A3956D46DE8}") = "Solution Items", "Solution Items", "{447863EA-79EE-441D-98BB-7339E2594E22}"
	ProjectSection(SolutionItems) = preProject
		Migrations.txt = Migrations.txt
	EndProjectSection
EndProject
Project("{9A19103F-16F7-4668-BE54-9A1E7A4F7556}") = "Delpin.Mvc", "Delpin.Mvc\Delpin.Mvc.csproj", "{D8AFD5CF-5AE5-42CA-B652-58FE4FF6F9A3}"
EndProject
Project("{2150E333-8FDC-42A3-9474-1A3956D46DE8}") = "Test", "Test", "{332B6916-D123-4F6A-8B69-E0AFA022B06F}"
EndProject
Project("{FAE04EC0-301F-11D3-BF4B-00C04F79EFBC}") = "Delpin.API.Test", "Delpin.API.Test\Delpin.API.Test.csproj", "{29C357BB-8E2D-40D6-A39D-39D0786B28E7}"
EndProject
Global
	GlobalSection(SolutionConfigurationPlatforms) = preSolution
		Debug|Any CPU = Debug|Any CPU
		Release|Any CPU = Release|Any CPU
	EndGlobalSection
	GlobalSection(ProjectConfigurationPlatforms) = postSolution
		{A9D4D087-6021-4166-89CA-14E79CA00068}.Debug|Any CPU.ActiveCfg = Debug|Any CPU
		{A9D4D087-6021-4166-89CA-14E79CA00068}.Debug|Any CPU.Build.0 = Debug|Any CPU
		{A9D4D087-6021-4166-89CA-14E79CA00068}.Release|Any CPU.ActiveCfg = Release|Any CPU
		{A9D4D087-6021-4166-89CA-14E79CA00068}.Release|Any CPU.Build.0 = Release|Any CPU
		{09AAA815-86BB-4919-832F-ABFB3A7C9F7D}.Debug|Any CPU.ActiveCfg = Debug|Any CPU
		{09AAA815-86BB-4919-832F-ABFB3A7C9F7D}.Debug|Any CPU.Build.0 = Debug|Any CPU
		{09AAA815-86BB-4919-832F-ABFB3A7C9F7D}.Release|Any CPU.ActiveCfg = Release|Any CPU
		{09AAA815-86BB-4919-832F-ABFB3A7C9F7D}.Release|Any CPU.Build.0 = Release|Any CPU
		{19C631DE-AE1B-4488-B399-D44479E7FFC0}.Debug|Any CPU.ActiveCfg = Debug|Any CPU
		{19C631DE-AE1B-4488-B399-D44479E7FFC0}.Debug|Any CPU.Build.0 = Debug|Any CPU
		{19C631DE-AE1B-4488-B399-D44479E7FFC0}.Release|Any CPU.ActiveCfg = Release|Any CPU
		{19C631DE-AE1B-4488-B399-D44479E7FFC0}.Release|Any CPU.Build.0 = Release|Any CPU
		{9AF55808-2B66-468E-A9AF-BA03D3052861}.Debug|Any CPU.ActiveCfg = Debug|Any CPU
		{9AF55808-2B66-468E-A9AF-BA03D3052861}.Debug|Any CPU.Build.0 = Debug|Any CPU
		{9AF55808-2B66-468E-A9AF-BA03D3052861}.Release|Any CPU.ActiveCfg = Release|Any CPU
		{9AF55808-2B66-468E-A9AF-BA03D3052861}.Release|Any CPU.Build.0 = Release|Any CPU
		{D8AFD5CF-5AE5-42CA-B652-58FE4FF6F9A3}.Debug|Any CPU.ActiveCfg = Debug|Any CPU
		{D8AFD5CF-5AE5-42CA-B652-58FE4FF6F9A3}.Debug|Any CPU.Build.0 = Debug|Any CPU
		{D8AFD5CF-5AE5-42CA-B652-58FE4FF6F9A3}.Release|Any CPU.ActiveCfg = Release|Any CPU
		{D8AFD5CF-5AE5-42CA-B652-58FE4FF6F9A3}.Release|Any CPU.Build.0 = Release|Any CPU
		{29C357BB-8E2D-40D6-A39D-39D0786B28E7}.Debug|Any CPU.ActiveCfg = Debug|Any CPU
		{29C357BB-8E2D-40D6-A39D-39D0786B28E7}.Debug|Any CPU.Build.0 = Debug|Any CPU
		{29C357BB-8E2D-40D6-A39D-39D0786B28E7}.Release|Any CPU.ActiveCfg = Release|Any CPU
		{29C357BB-8E2D-40D6-A39D-39D0786B28E7}.Release|Any CPU.Build.0 = Release|Any CPU
	EndGlobalSection
	GlobalSection(SolutionProperties) = preSolution
		HideSolutionNode = FALSE
	EndGlobalSection
	GlobalSection(NestedProjects) = preSolution
		{A9D4D087-6021-4166-89CA-14E79CA00068} = {EFC8FA7B-DD19-4A5E-927A-BDF9302BFCD3}
		{09AAA815-86BB-4919-832F-ABFB3A7C9F7D} = {EFC8FA7B-DD19-4A5E-927A-BDF9302BFCD3}
		{19C631DE-AE1B-4488-B399-D44479E7FFC0} = {EFC8FA7B-DD19-4A5E-927A-BDF9302BFCD3}
		{9AF55808-2B66-468E-A9AF-BA03D3052861} = {EFC8FA7B-DD19-4A5E-927A-BDF9302BFCD3}
		{D8AFD5CF-5AE5-42CA-B652-58FE4FF6F9A3} = {6F7CA0E1-D719-4842-9FC0-FFC03A697E91}
		{29C357BB-8E2D-40D6-A39D-39D0786B28E7} = {332B6916-D123-4F6A-8B69-E0AFA022B06F}
	EndGlobalSection
	GlobalSection(ExtensibilityGlobals) = postSolution
		SolutionGuid = {52585A38-8022-4CB0-AA9C-9EC466B479F8}
	EndGlobalSection
EndGlobal
